# THIS IS AN AUTOGENERATED FILE. DO NOT EDIT THIS FILE DIRECTLY.
# yarn lockfile v1


imagemagick@^0.1.3:
  version "0.1.3"
  resolved "https://registry.yarnpkg.com/imagemagick/-/imagemagick-0.1.3.tgz#7483cea093b4d9f2e2f396857adc8821b537c56a"
  integrity sha1-dIPOoJO02fLi85aFetyIIbU3xWo=

vips@^1.0.0:
  version "1.0.0"
  resolved "https://registry.yarnpkg.com/vips/-/vips-1.0.0.tgz#c028772d8fcb5e92c30cd431538c416347d2d593"
  integrity sha1-wCh3LY/LXpLDDNQxU4xBY0fS1ZM=
